
Microsoft Visual Studio Solution File, Format Version 12.00
# Visual Studio Version 17
VisualStudioVersion = 17.8.34330.188
MinimumVisualStudioVersion = 10.0.40219.1
Project("{FAE04EC0-301F-11D3-BF4B-00C04F79EFBC}") = "CarMechanicAPI", "CarMechanicAPI\CarMechanicAPI.csproj", "{BE10FE6B-0AF5-4F22-9B0E-27640AB87698}"
EndProject
Global
	GlobalSection(SolutionConfigurationPlatforms) = preSolution
		Debug|Any CPU = Debug|Any CPU
		Release|Any CPU = Release|Any CPU
	EndGlobalSection
	GlobalSection(ProjectConfigurationPlatforms) = postSolution
		{BE10FE6B-0AF5-4F22-9B0E-27640AB87698}.Debug|Any CPU.ActiveCfg = Debug|Any CPU
		{BE10FE6B-0AF5-4F22-9B0E-27640AB87698}.Debug|Any CPU.Build.0 = Debug|Any CPU
		{BE10FE6B-0AF5-4F22-9B0E-27640AB87698}.Release|Any CPU.ActiveCfg = Release|Any CPU
		{BE10FE6B-0AF5-4F22-9B0E-27640AB87698}.Release|Any CPU.Build.0 = Release|Any CPU
	EndGlobalSection
	GlobalSection(SolutionProperties) = preSolution
		HideSolutionNode = FALSE
	EndGlobalSection
	GlobalSection(ExtensibilityGlobals) = postSolution
		SolutionGuid = {86A1410C-A6CA-4DBB-847E-F811117DD769}
	EndGlobalSection
EndGlobal
